
Microsoft Visual Studio Solution File, Format Version 12.00
# Visual Studio 15
VisualStudioVersion = 15.0.28307.438
MinimumVisualStudioVersion = 10.0.40219.1
Project("{FAE04EC0-301F-11D3-BF4B-00C04F79EFBC}") = "AutoMapperExtensions", "AutoMapperExtensions\AutoMapperExtensions.csproj", "{58302A91-2D86-451D-83D4-BAC8F43C1E1C}"
EndProject
Project("{FAE04EC0-301F-11D3-BF4B-00C04F79EFBC}") = "AutoMapperExtensionsTest", "AutoMapperExtensionsTest\AutoMapperExtensionsTest.csproj", "{2783AC24-1915-4CD4-927C-39EC755E6468}"
EndProject
Global
	GlobalSection(SolutionConfigurationPlatforms) = preSolution
		Debug|Any CPU = Debug|Any CPU
		Release|Any CPU = Release|Any CPU
	EndGlobalSection
	GlobalSection(ProjectConfigurationPlatforms) = postSolution
		{58302A91-2D86-451D-83D4-BAC8F43C1E1C}.Debug|Any CPU.ActiveCfg = Debug|Any CPU
		{58302A91-2D86-451D-83D4-BAC8F43C1E1C}.Debug|Any CPU.Build.0 = Debug|Any CPU
		{58302A91-2D86-451D-83D4-BAC8F43C1E1C}.Release|Any CPU.ActiveCfg = Release|Any CPU
		{58302A91-2D86-451D-83D4-BAC8F43C1E1C}.Release|Any CPU.Build.0 = Release|Any CPU
		{2783AC24-1915-4CD4-927C-39EC755E6468}.Debug|Any CPU.ActiveCfg = Debug|Any CPU
		{2783AC24-1915-4CD4-927C-39EC755E6468}.Debug|Any CPU.Build.0 = Debug|Any CPU
		{2783AC24-1915-4CD4-927C-39EC755E6468}.Release|Any CPU.ActiveCfg = Release|Any CPU
		{2783AC24-1915-4CD4-927C-39EC755E6468}.Release|Any CPU.Build.0 = Release|Any CPU
	EndGlobalSection
	GlobalSection(SolutionProperties) = preSolution
		HideSolutionNode = FALSE
	EndGlobalSection
	GlobalSection(ExtensibilityGlobals) = postSolution
		SolutionGuid = {F93EB7C7-CBEF-4D59-B919-80D59E45199B}
	EndGlobalSection
EndGlobal
